
Microsoft Visual Studio Solution File, Format Version 12.00
# Visual Studio Version 17
VisualStudioVersion = 17.14.36401.2 d17.14
MinimumVisualStudioVersion = 10.0.40219.1
Project("{FAE04EC0-301F-11D3-BF4B-00C04F79EFBC}") = "CrtTest2", "CrtTest2.csproj", "{74D565C6-67F6-4B42-A4F7-92A9C21899C0}"
EndProject
Global
	GlobalSection(SolutionConfigurationPlatforms) = preSolution
		Debug|Any CPU = Debug|Any CPU
		Release|Any CPU = Release|Any CPU
	EndGlobalSection
	GlobalSection(ProjectConfigurationPlatforms) = postSolution
		{74D565C6-67F6-4B42-A4F7-92A9C21899C0}.Debug|Any CPU.ActiveCfg = Debug|Any CPU
		{74D565C6-67F6-4B42-A4F7-92A9C21899C0}.Debug|Any CPU.Build.0 = Debug|Any CPU
		{74D565C6-67F6-4B42-A4F7-92A9C21899C0}.Release|Any CPU.ActiveCfg = Release|Any CPU
		{74D565C6-67F6-4B42-A4F7-92A9C21899C0}.Release|Any CPU.Build.0 = Release|Any CPU
	EndGlobalSection
	GlobalSection(SolutionProperties) = preSolution
		HideSolutionNode = FALSE
	EndGlobalSection
	GlobalSection(ExtensibilityGlobals) = postSolution
		SolutionGuid = {54D218B1-B2A9-40F6-8962-91155FA07DED}
	EndGlobalSection
EndGlobal
